
Microsoft Visual Studio Solution File, Format Version 12.00
# Visual Studio Version 16
VisualStudioVersion = 16.0.32002.261
MinimumVisualStudioVersion = 10.0.40219.1
Project("{FAE04EC0-301F-11D3-BF4B-00C04F79EFBC}") = "task1", "task1\task1.csproj", "{60E60C9F-F85D-4A66-9C72-163C05C65165}"
EndProject
Project("{FAE04EC0-301F-11D3-BF4B-00C04F79EFBC}") = "task2", "task2\task2.csproj", "{EB43284F-69AA-4D59-BEDF-958C32FEA844}"
EndProject
Global
	GlobalSection(SolutionConfigurationPlatforms) = preSolution
		Debug|Any CPU = Debug|Any CPU
		Release|Any CPU = Release|Any CPU
	EndGlobalSection
	GlobalSection(ProjectConfigurationPlatforms) = postSolution
		{60E60C9F-F85D-4A66-9C72-163C05C65165}.Debug|Any CPU.ActiveCfg = Debug|Any CPU
		{60E60C9F-F85D-4A66-9C72-163C05C65165}.Debug|Any CPU.Build.0 = Debug|Any CPU
		{60E60C9F-F85D-4A66-9C72-163C05C65165}.Release|Any CPU.ActiveCfg = Release|Any CPU
		{60E60C9F-F85D-4A66-9C72-163C05C65165}.Release|Any CPU.Build.0 = Release|Any CPU
		{EB43284F-69AA-4D59-BEDF-958C32FEA844}.Debug|Any CPU.ActiveCfg = Debug|Any CPU
		{EB43284F-69AA-4D59-BEDF-958C32FEA844}.Debug|Any CPU.Build.0 = Debug|Any CPU
		{EB43284F-69AA-4D59-BEDF-958C32FEA844}.Release|Any CPU.ActiveCfg = Release|Any CPU
		{EB43284F-69AA-4D59-BEDF-958C32FEA844}.Release|Any CPU.Build.0 = Release|Any CPU
	EndGlobalSection
	GlobalSection(SolutionProperties) = preSolution
		HideSolutionNode = FALSE
	EndGlobalSection
	GlobalSection(ExtensibilityGlobals) = postSolution
		SolutionGuid = {18DB6B1E-4975-4D3E-B5D6-179E7B84D1AF}
	EndGlobalSection
EndGlobal
